
Microsoft Visual Studio Solution File, Format Version 12.00
# Visual Studio Version 17
VisualStudioVersion = 17.3.32819.101
MinimumVisualStudioVersion = 10.0.40219.1
Project("{FAE04EC0-301F-11D3-BF4B-00C04F79EFBC}") = "VisorDeImagenes", "VisorDeImagenes\VisorDeImagenes.csproj", "{8B714C45-8F4B-4418-864E-CF7CB0AB6FBE}"
EndProject
Global
	GlobalSection(SolutionConfigurationPlatforms) = preSolution
		Debug|Any CPU = Debug|Any CPU
		Release|Any CPU = Release|Any CPU
	EndGlobalSection
	GlobalSection(ProjectConfigurationPlatforms) = postSolution
		{8B714C45-8F4B-4418-864E-CF7CB0AB6FBE}.Debug|Any CPU.ActiveCfg = Debug|Any CPU
		{8B714C45-8F4B-4418-864E-CF7CB0AB6FBE}.Debug|Any CPU.Build.0 = Debug|Any CPU
		{8B714C45-8F4B-4418-864E-CF7CB0AB6FBE}.Release|Any CPU.ActiveCfg = Release|Any CPU
		{8B714C45-8F4B-4418-864E-CF7CB0AB6FBE}.Release|Any CPU.Build.0 = Release|Any CPU
	EndGlobalSection
	GlobalSection(SolutionProperties) = preSolution
		HideSolutionNode = FALSE
	EndGlobalSection
	GlobalSection(ExtensibilityGlobals) = postSolution
		SolutionGuid = {B65E06AB-406B-4C5B-9B0D-B3FF275B90DB}
	EndGlobalSection
EndGlobal
